// !$*UTF8*$!
{
	archiveVersion = 1;
	classes = {
	};
	objectVersion = 56;
	objects = {

/* Begin PBXBuildFile section */
		D77AE15D29564FA0001CF9B7 /* AppDelegate.swift in Sources */ = {isa = PBXBuildFile; fileRef = D77AE15C29564FA0001CF9B7 /* AppDelegate.swift */; };
		D77AE15F29564FA0001CF9B7 /* SceneDelegate.swift in Sources */ = {isa = PBXBuildFile; fileRef = D77AE15E29564FA0001CF9B7 /* SceneDelegate.swift */; };
		D77AE16429564FA0001CF9B7 /* Main.storyboard in Resources */ = {isa = PBXBuildFile; fileRef = D77AE16229564FA0001CF9B7 /* Main.storyboard */; };
		D77AE16629564FA3001CF9B7 /* Assets.xcassets in Resources */ = {isa = PBXBuildFile; fileRef = D77AE16529564FA3001CF9B7 /* Assets.xcassets */; };
		D77AE16929564FA3001CF9B7 /* LaunchScreen.storyboard in Resources */ = {isa = PBXBuildFile; fileRef = D77AE16729564FA3001CF9B7 /* LaunchScreen.storyboard */; };
		D77AE17629565202001CF9B7 /* OverviewListViewController.swift in Sources */ = {isa = PBXBuildFile; fileRef = D77AE17529565202001CF9B7 /* OverviewListViewController.swift */; };
		D77AE1792956523A001CF9B7 /* NoteTableViewCell.swift in Sources */ = {isa = PBXBuildFile; fileRef = D77AE1782956523A001CF9B7 /* NoteTableViewCell.swift */; };
		D77AE17B29565246001CF9B7 /* NoteTableViewCell.xib in Resources */ = {isa = PBXBuildFile; fileRef = D77AE17A29565246001CF9B7 /* NoteTableViewCell.xib */; };
		D78B335529566EBC00D11561 /* TextFormattingButtons.swift in Sources */ = {isa = PBXBuildFile; fileRef = D78B335429566EBC00D11561 /* TextFormattingButtons.swift */; };
		D78B33572956733300D11561 /* CategoriesViewCell.swift in Sources */ = {isa = PBXBuildFile; fileRef = D78B33562956733300D11561 /* CategoriesViewCell.swift */; };
		D78B335A2956736200D11561 /* UIView+Extension.swift in Sources */ = {isa = PBXBuildFile; fileRef = D78B33592956736200D11561 /* UIView+Extension.swift */; };
		D78B335C2956737500D11561 /* UIColor+Extension.swift in Sources */ = {isa = PBXBuildFile; fileRef = D78B335B2956737500D11561 /* UIColor+Extension.swift */; };
		D78B335E295678C300D11561 /* UIButton+Extension.swift in Sources */ = {isa = PBXBuildFile; fileRef = D78B335D295678C300D11561 /* UIButton+Extension.swift */; };
		D78B33602956A0E400D11561 /* EditingViewController.swift in Sources */ = {isa = PBXBuildFile; fileRef = D78B335F2956A0E400D11561 /* EditingViewController.swift */; };
/* End PBXBuildFile section */

/* Begin PBXFileReference section */
		D77AE15929564FA0001CF9B7 /* Notes.app */ = {isa = PBXFileReference; explicitFileType = wrapper.application; includeInIndex = 0; path = Notes.app; sourceTree = BUILT_PRODUCTS_DIR; };
		D77AE15C29564FA0001CF9B7 /* AppDelegate.swift */ = {isa = PBXFileReference; lastKnownFileType = sourcecode.swift; path = AppDelegate.swift; sourceTree = "<group>"; };
		D77AE15E29564FA0001CF9B7 /* SceneDelegate.swift */ = {isa = PBXFileReference; lastKnownFileType = sourcecode.swift; path = SceneDelegate.swift; sourceTree = "<group>"; };
		D77AE16329564FA0001CF9B7 /* Base */ = {isa = PBXFileReference; lastKnownFileType = file.storyboard; name = Base; path = Base.lproj/Main.storyboard; sourceTree = "<group>"; };
		D77AE16529564FA3001CF9B7 /* Assets.xcassets */ = {isa = PBXFileReference; lastKnownFileType = folder.assetcatalog; path = Assets.xcassets; sourceTree = "<group>"; };
		D77AE16829564FA3001CF9B7 /* Base */ = {isa = PBXFileReference; lastKnownFileType = file.storyboard; name = Base; path = Base.lproj/LaunchScreen.storyboard; sourceTree = "<group>"; };
		D77AE16A29564FA3001CF9B7 /* Info.plist */ = {isa = PBXFileReference; lastKnownFileType = text.plist.xml; path = Info.plist; sourceTree = "<group>"; };
		D77AE17529565202001CF9B7 /* OverviewListViewController.swift */ = {isa = PBXFileReference; lastKnownFileType = sourcecode.swift; path = OverviewListViewController.swift; sourceTree = "<group>"; };
		D77AE1782956523A001CF9B7 /* NoteTableViewCell.swift */ = {isa = PBXFileReference; lastKnownFileType = sourcecode.swift; path = NoteTableViewCell.swift; sourceTree = "<group>"; };
		D77AE17A29565246001CF9B7 /* NoteTableViewCell.xib */ = {isa = PBXFileReference; fileEncoding = 4; lastKnownFileType = file.xib; path = NoteTableViewCell.xib; sourceTree = "<group>"; };
		D78B335429566EBC00D11561 /* TextFormattingButtons.swift */ = {isa = PBXFileReference; lastKnownFileType = sourcecode.swift; path = TextFormattingButtons.swift; sourceTree = "<group>"; };
		D78B33562956733300D11561 /* CategoriesViewCell.swift */ = {isa = PBXFileReference; lastKnownFileType = sourcecode.swift; path = CategoriesViewCell.swift; sourceTree = "<group>"; };
		D78B33592956736200D11561 /* UIView+Extension.swift */ = {isa = PBXFileReference; lastKnownFileType = sourcecode.swift; path = "UIView+Extension.swift"; sourceTree = "<group>"; };
		D78B335B2956737500D11561 /* UIColor+Extension.swift */ = {isa = PBXFileReference; lastKnownFileType = sourcecode.swift; path = "UIColor+Extension.swift"; sourceTree = "<group>"; };
		D78B335D295678C300D11561 /* UIButton+Extension.swift */ = {isa = PBXFileReference; lastKnownFileType = sourcecode.swift; path = "UIButton+Extension.swift"; sourceTree = "<group>"; };
		D78B335F2956A0E400D11561 /* EditingViewController.swift */ = {isa = PBXFileReference; lastKnownFileType = sourcecode.swift; path = EditingViewController.swift; sourceTree = "<group>"; };
/* End PBXFileReference section */

/* Begin PBXFrameworksBuildPhase section */
		D77AE15629564FA0001CF9B7 /* Frameworks */ = {
			isa = PBXFrameworksBuildPhase;
			buildActionMask = 2147483647;
			files = (
			);
			runOnlyForDeploymentPostprocessing = 0;
		};
/* End PBXFrameworksBuildPhase section */

/* Begin PBXGroup section */
		D77AE15029564FA0001CF9B7 = {
			isa = PBXGroup;
			children = (
				D77AE15B29564FA0001CF9B7 /* Notes */,
				D77AE15A29564FA0001CF9B7 /* Products */,
			);
			sourceTree = "<group>";
		};
		D77AE15A29564FA0001CF9B7 /* Products */ = {
			isa = PBXGroup;
			children = (
				D77AE15929564FA0001CF9B7 /* Notes.app */,
			);
			name = Products;
			sourceTree = "<group>";
		};
		D77AE15B29564FA0001CF9B7 /* Notes */ = {
			isa = PBXGroup;
			children = (
				D77AE17129565057001CF9B7 /* Application */,
				D78B33582956735200D11561 /* Helpers */,
				D78B33672956E5BD00D11561 /* Models */,
				D77AE17229565076001CF9B7 /* Controllers */,
				D77AE1772956521C001CF9B7 /* Views */,
				D77AE1702956501E001CF9B7 /* SupportingFiles */,
			);
			path = Notes;
			sourceTree = "<group>";
		};
		D77AE1702956501E001CF9B7 /* SupportingFiles */ = {
			isa = PBXGroup;
			children = (
				D77AE16229564FA0001CF9B7 /* Main.storyboard */,
				D77AE16529564FA3001CF9B7 /* Assets.xcassets */,
				D77AE16729564FA3001CF9B7 /* LaunchScreen.storyboard */,
				D77AE16A29564FA3001CF9B7 /* Info.plist */,
			);
			path = SupportingFiles;
			sourceTree = "<group>";
		};
		D77AE17129565057001CF9B7 /* Application */ = {
			isa = PBXGroup;
			children = (
				D77AE15C29564FA0001CF9B7 /* AppDelegate.swift */,
				D77AE15E29564FA0001CF9B7 /* SceneDelegate.swift */,
			);
			path = Application;
			sourceTree = "<group>";
		};
		D77AE17229565076001CF9B7 /* Controllers */ = {
			isa = PBXGroup;
			children = (
				D78B335F2956A0E400D11561 /* EditingViewController.swift */,
				D77AE17529565202001CF9B7 /* OverviewListViewController.swift */,
			);
			path = Controllers;
			sourceTree = "<group>";
		};
		D77AE1772956521C001CF9B7 /* Views */ = {
			isa = PBXGroup;
			children = (
				D78B33562956733300D11561 /* CategoriesViewCell.swift */,
				D78B335429566EBC00D11561 /* TextFormattingButtons.swift */,
				D77AE1782956523A001CF9B7 /* NoteTableViewCell.swift */,
				D77AE17A29565246001CF9B7 /* NoteTableViewCell.xib */,
			);
			path = Views;
			sourceTree = "<group>";
		};
		D78B33582956735200D11561 /* Helpers */ = {
			isa = PBXGroup;
			children = (
				D78B33592956736200D11561 /* UIView+Extension.swift */,
				D78B335B2956737500D11561 /* UIColor+Extension.swift */,
				D78B335D295678C300D11561 /* UIButton+Extension.swift */,
			);
			path = Helpers;
			sourceTree = "<group>";
		};
		D78B33672956E5BD00D11561 /* Models */ = {
			isa = PBXGroup;
			children = (
			);
			path = Models;
			sourceTree = "<group>";
		};
/* End PBXGroup section */

/* Begin PBXNativeTarget section */
		D77AE15829564FA0001CF9B7 /* Notes */ = {
			isa = PBXNativeTarget;
			buildConfigurationList = D77AE16D29564FA3001CF9B7 /* Build configuration list for PBXNativeTarget "Notes" */;
			buildPhases = (
				D77AE15529564FA0001CF9B7 /* Sources */,
				D77AE15629564FA0001CF9B7 /* Frameworks */,
				D77AE15729564FA0001CF9B7 /* Resources */,
			);
			buildRules = (
			);
			dependencies = (
			);
			name = Notes;
			productName = Notes;
			productReference = D77AE15929564FA0001CF9B7 /* Notes.app */;
			productType = "com.apple.product-type.application";
		};
/* End PBXNativeTarget section */

/* Begin PBXProject section */
		D77AE15129564FA0001CF9B7 /* Project object */ = {
			isa = PBXProject;
			attributes = {
				BuildIndependentTargetsInParallel = 1;
				LastSwiftUpdateCheck = 1400;
				LastUpgradeCheck = 1400;
				TargetAttributes = {
					D77AE15829564FA0001CF9B7 = {
						CreatedOnToolsVersion = 14.0.1;
					};
				};
			};
			buildConfigurationList = D77AE15429564FA0001CF9B7 /* Build configuration list for PBXProject "Notes" */;
			compatibilityVersion = "Xcode 14.0";
			developmentRegion = en;
			hasScannedForEncodings = 0;
			knownRegions = (
				en,
				Base,
			);
			mainGroup = D77AE15029564FA0001CF9B7;
			productRefGroup = D77AE15A29564FA0001CF9B7 /* Products */;
			projectDirPath = "";
			projectRoot = "";
			targets = (
				D77AE15829564FA0001CF9B7 /* Notes */,
			);
		};
/* End PBXProject section */

/* Begin PBXResourcesBuildPhase section */
		D77AE15729564FA0001CF9B7 /* Resources */ = {
			isa = PBXResourcesBuildPhase;
			buildActionMask = 2147483647;
			files = (
				D77AE16929564FA3001CF9B7 /* LaunchScreen.storyboard in Resources */,
				D77AE16629564FA3001CF9B7 /* Assets.xcassets in Resources */,
				D77AE16429564FA0001CF9B7 /* Main.storyboard in Resources */,
				D77AE17B29565246001CF9B7 /* NoteTableViewCell.xib in Resources */,
			);
			runOnlyForDeploymentPostprocessing = 0;
		};
/* End PBXResourcesBuildPhase section */

/* Begin PBXSourcesBuildPhase section */
		D77AE15529564FA0001CF9B7 /* Sources */ = {
			isa = PBXSourcesBuildPhase;
			buildActionMask = 2147483647;
			files = (
				D77AE15D29564FA0001CF9B7 /* AppDelegate.swift in Sources */,
				D77AE15F29564FA0001CF9B7 /* SceneDelegate.swift in Sources */,
				D78B335A2956736200D11561 /* UIView+Extension.swift in Sources */,
				D78B335C2956737500D11561 /* UIColor+Extension.swift in Sources */,
				D77AE17629565202001CF9B7 /* OverviewListViewController.swift in Sources */,
				D78B335E295678C300D11561 /* UIButton+Extension.swift in Sources */,
				D78B335529566EBC00D11561 /* TextFormattingButtons.swift in Sources */,
				D78B33602956A0E400D11561 /* EditingViewController.swift in Sources */,
				D78B33572956733300D11561 /* CategoriesViewCell.swift in Sources */,
				D77AE1792956523A001CF9B7 /* NoteTableViewCell.swift in Sources */,
			);
			runOnlyForDeploymentPostprocessing = 0;
		};
/* End PBXSourcesBuildPhase section */

/* Begin PBXVariantGroup section */
		D77AE16229564FA0001CF9B7 /* Main.storyboard */ = {
			isa = PBXVariantGroup;
			children = (
				D77AE16329564FA0001CF9B7 /* Base */,
			);
			name = Main.storyboard;
			sourceTree = "<group>";
		};
		D77AE16729564FA3001CF9B7 /* LaunchScreen.storyboard */ = {
			isa = PBXVariantGroup;
			children = (
				D77AE16829564FA3001CF9B7 /* Base */,
			);
			name = LaunchScreen.storyboard;
			sourceTree = "<group>";
		};
/* End PBXVariantGroup section */

/* Begin XCBuildConfiguration section */
		D77AE16B29564FA3001CF9B7 /* Debug */ = {
			isa = XCBuildConfiguration;
			buildSettings = {
				ALWAYS_SEARCH_USER_PATHS = NO;
				CLANG_ANALYZER_NONNULL = YES;
				CLANG_ANALYZER_NUMBER_OBJECT_CONVERSION = YES_AGGRESSIVE;
				CLANG_CXX_LANGUAGE_STANDARD = "gnu++20";
				CLANG_ENABLE_MODULES = YES;
				CLANG_ENABLE_OBJC_ARC = YES;
				CLANG_ENABLE_OBJC_WEAK = YES;
				CLANG_WARN_BLOCK_CAPTURE_AUTORELEASING = YES;
				CLANG_WARN_BOOL_CONVERSION = YES;
				CLANG_WARN_COMMA = YES;
				CLANG_WARN_CONSTANT_CONVERSION = YES;
				CLANG_WARN_DEPRECATED_OBJC_IMPLEMENTATIONS = YES;
				CLANG_WARN_DIRECT_OBJC_ISA_USAGE = YES_ERROR;
				CLANG_WARN_DOCUMENTATION_COMMENTS = YES;
				CLANG_WARN_EMPTY_BODY = YES;
				CLANG_WARN_ENUM_CONVERSION = YES;
				CLANG_WARN_INFINITE_RECURSION = YES;
				CLANG_WARN_INT_CONVERSION = YES;
				CLANG_WARN_NON_LITERAL_NULL_CONVERSION = YES;
				CLANG_WARN_OBJC_IMPLICIT_RETAIN_SELF = YES;
				CLANG_WARN_OBJC_LITERAL_CONVERSION = YES;
				CLANG_WARN_OBJC_ROOT_CLASS = YES_ERROR;
				CLANG_WARN_QUOTED_INCLUDE_IN_FRAMEWORK_HEADER = YES;
				CLANG_WARN_RANGE_LOOP_ANALYSIS = YES;
				CLANG_WARN_STRICT_PROTOTYPES = YES;
				CLANG_WARN_SUSPICIOUS_MOVE = YES;
				CLANG_WARN_UNGUARDED_AVAILABILITY = YES_AGGRESSIVE;
				CLANG_WARN_UNREACHABLE_CODE = YES;
				CLANG_WARN__DUPLICATE_METHOD_MATCH = YES;
				COPY_PHASE_STRIP = NO;
				DEBUG_INFORMATION_FORMAT = dwarf;
				ENABLE_STRICT_OBJC_MSGSEND = YES;
				ENABLE_TESTABILITY = YES;
				GCC_C_LANGUAGE_STANDARD = gnu11;
				GCC_DYNAMIC_NO_PIC = NO;
				GCC_NO_COMMON_BLOCKS = YES;
				GCC_OPTIMIZATION_LEVEL = 0;
				GCC_PREPROCESSOR_DEFINITIONS = (
					"DEBUG=1",
					"$(inherited)",
				);
				GCC_WARN_64_TO_32_BIT_CONVERSION = YES;
				GCC_WARN_ABOUT_RETURN_TYPE = YES_ERROR;
				GCC_WARN_UNDECLARED_SELECTOR = YES;
				GCC_WARN_UNINITIALIZED_AUTOS = YES_AGGRESSIVE;
				GCC_WARN_UNUSED_FUNCTION = YES;
				GCC_WARN_UNUSED_VARIABLE = YES;
				IPHONEOS_DEPLOYMENT_TARGET = 16.0;
				MTL_ENABLE_DEBUG_INFO = INCLUDE_SOURCE;
				MTL_FAST_MATH = YES;
				ONLY_ACTIVE_ARCH = YES;
				SDKROOT = iphoneos;
				SWIFT_ACTIVE_COMPILATION_CONDITIONS = DEBUG;
				SWIFT_OPTIMIZATION_LEVEL = "-Onone";
			};
			name = Debug;
		};
		D77AE16C29564FA3001CF9B7 /* Release */ = {
			isa = XCBuildConfiguration;
			buildSettings = {
				ALWAYS_SEARCH_USER_PATHS = NO;
				CLANG_ANALYZER_NONNULL = YES;
				CLANG_ANALYZER_NUMBER_OBJECT_CONVERSION = YES_AGGRESSIVE;
				CLANG_CXX_LANGUAGE_STANDARD = "gnu++20";
				CLANG_ENABLE_MODULES = YES;
				CLANG_ENABLE_OBJC_ARC = YES;
				CLANG_ENABLE_OBJC_WEAK = YES;
				CLANG_WARN_BLOCK_CAPTURE_AUTORELEASING = YES;
				CLANG_WARN_BOOL_CONVERSION = YES;
				CLANG_WARN_COMMA = YES;
				CLANG_WARN_CONSTANT_CONVERSION = YES;
				CLANG_WARN_DEPRECATED_OBJC_IMPLEMENTATIONS = YES;
				CLANG_WARN_DIRECT_OBJC_ISA_USAGE = YES_ERROR;
				CLANG_WARN_DOCUMENTATION_COMMENTS = YES;
				CLANG_WARN_EMPTY_BODY = YES;
				CLANG_WARN_ENUM_CONVERSION = YES;
				CLANG_WARN_INFINITE_RECURSION = YES;
				CLANG_WARN_INT_CONVERSION = YES;
				CLANG_WARN_NON_LITERAL_NULL_CONVERSION = YES;
				CLANG_WARN_OBJC_IMPLICIT_RETAIN_SELF = YES;
				CLANG_WARN_OBJC_LITERAL_CONVERSION = YES;
				CLANG_WARN_OBJC_ROOT_CLASS = YES_ERROR;
				CLANG_WARN_QUOTED_INCLUDE_IN_FRAMEWORK_HEADER = YES;
				CLANG_WARN_RANGE_LOOP_ANALYSIS = YES;
				CLANG_WARN_STRICT_PROTOTYPES = YES;
				CLANG_WARN_SUSPICIOUS_MOVE = YES;
				CLANG_WARN_UNGUARDED_AVAILABILITY = YES_AGGRESSIVE;
				CLANG_WARN_UNREACHABLE_CODE = YES;
				CLANG_WARN__DUPLICATE_METHOD_MATCH = YES;
				COPY_PHASE_STRIP = NO;
				DEBUG_INFORMATION_FORMAT = "dwarf-with-dsym";
				ENABLE_NS_ASSERTIONS = NO;
				ENABLE_STRICT_OBJC_MSGSEND = YES;
				GCC_C_LANGUAGE_STANDARD = gnu11;
				GCC_NO_COMMON_BLOCKS = YES;
				GCC_WARN_64_TO_32_BIT_CONVERSION = YES;
				GCC_WARN_ABOUT_RETURN_TYPE = YES_ERROR;
				GCC_WARN_UNDECLARED_SELECTOR = YES;
				GCC_WARN_UNINITIALIZED_AUTOS = YES_AGGRESSIVE;
				GCC_WARN_UNUSED_FUNCTION = YES;
				GCC_WARN_UNUSED_VARIABLE = YES;
				IPHONEOS_DEPLOYMENT_TARGET = 16.0;
				MTL_ENABLE_DEBUG_INFO = NO;
				MTL_FAST_MATH = YES;
				SDKROOT = iphoneos;
				SWIFT_COMPILATION_MODE = wholemodule;
				SWIFT_OPTIMIZATION_LEVEL = "-O";
				VALIDATE_PRODUCT = YES;
			};
			name = Release;
		};
		D77AE16E29564FA3001CF9B7 /* Debug */ = {
			isa = XCBuildConfiguration;
			buildSettings = {
				ASSETCATALOG_COMPILER_APPICON_NAME = AppIcon;
				ASSETCATALOG_COMPILER_GLOBAL_ACCENT_COLOR_NAME = AccentColor;
				CODE_SIGN_STYLE = Automatic;
				CURRENT_PROJECT_VERSION = 1;
				DEVELOPMENT_TEAM = Q6CQH2T6SR;
				GENERATE_INFOPLIST_FILE = YES;
				INFOPLIST_FILE = Notes/SupportingFiles/Info.plist;
				INFOPLIST_KEY_UIApplicationSupportsIndirectInputEvents = YES;
				INFOPLIST_KEY_UILaunchStoryboardName = LaunchScreen;
				INFOPLIST_KEY_UIMainStoryboardFile = Main;
				INFOPLIST_KEY_UISupportedInterfaceOrientations_iPad = "UIInterfaceOrientationPortrait UIInterfaceOrientationPortraitUpsideDown UIInterfaceOrientationLandscapeLeft UIInterfaceOrientationLandscapeRight";
				INFOPLIST_KEY_UISupportedInterfaceOrientations_iPhone = "UIInterfaceOrientationPortrait UIInterfaceOrientationLandscapeLeft UIInterfaceOrientationLandscapeRight";
				LD_RUNPATH_SEARCH_PATHS = (
					"$(inherited)",
					"@executable_path/Frameworks",
				);
				MARKETING_VERSION = 1.0;
				PRODUCT_BUNDLE_IDENTIFIER = pet.Notes;
				PRODUCT_NAME = "$(TARGET_NAME)";
				SWIFT_EMIT_LOC_STRINGS = YES;
				SWIFT_VERSION = 5.0;
				TARGETED_DEVICE_FAMILY = "1,2";
			};
			name = Debug;
		};
		D77AE16F29564FA3001CF9B7 /* Release */ = {
			isa = XCBuildConfiguration;
			buildSettings = {
				ASSETCATALOG_COMPILER_APPICON_NAME = AppIcon;
				ASSETCATALOG_COMPILER_GLOBAL_ACCENT_COLOR_NAME = AccentColor;
				CODE_SIGN_STYLE = Automatic;
				CURRENT_PROJECT_VERSION = 1;
				DEVELOPMENT_TEAM = Q6CQH2T6SR;
				GENERATE_INFOPLIST_FILE = YES;
				INFOPLIST_FILE = Notes/SupportingFiles/Info.plist;
				INFOPLIST_KEY_UIApplicationSupportsIndirectInputEvents = YES;
				INFOPLIST_KEY_UILaunchStoryboardName = LaunchScreen;
				INFOPLIST_KEY_UIMainStoryboardFile = Main;
				INFOPLIST_KEY_UISupportedInterfaceOrientations_iPad = "UIInterfaceOrientationPortrait UIInterfaceOrientationPortraitUpsideDown UIInterfaceOrientationLandscapeLeft UIInterfaceOrientationLandscapeRight";
				INFOPLIST_KEY_UISupportedInterfaceOrientations_iPhone = "UIInterfaceOrientationPortrait UIInterfaceOrientationLandscapeLeft UIInterfaceOrientationLandscapeRight";
				LD_RUNPATH_SEARCH_PATHS = (
					"$(inherited)",
					"@executable_path/Frameworks",
				);
				MARKETING_VERSION = 1.0;
				PRODUCT_BUNDLE_IDENTIFIER = pet.Notes;
				PRODUCT_NAME = "$(TARGET_NAME)";
				SWIFT_EMIT_LOC_STRINGS = YES;
				SWIFT_VERSION = 5.0;
				TARGETED_DEVICE_FAMILY = "1,2";
			};
			name = Release;
		};
/* End XCBuildConfiguration section */

/* Begin XCConfigurationList section */
		D77AE15429564FA0001CF9B7 /* Build configuration list for PBXProject "Notes" */ = {
			isa = XCConfigurationList;
			buildConfigurations = (
				D77AE16B29564FA3001CF9B7 /* Debug */,
				D77AE16C29564FA3001CF9B7 /* Release */,
			);
			defaultConfigurationIsVisible = 0;
			defaultConfigurationName = Release;
		};
		D77AE16D29564FA3001CF9B7 /* Build configuration list for PBXNativeTarget "Notes" */ = {
			isa = XCConfigurationList;
			buildConfigurations = (
				D77AE16E29564FA3001CF9B7 /* Debug */,
				D77AE16F29564FA3001CF9B7 /* Release */,
			);
			defaultConfigurationIsVisible = 0;
			defaultConfigurationName = Release;
		};
/* End XCConfigurationList section */
	};
	rootObject = D77AE15129564FA0001CF9B7 /* Project object */;
}
